{
  "version": 4,
  "terraform_version": "1.14.7",
  "serial": 5,
  "lineage": "79997921-2b2a-d1c6-066e-96b52bbc2437",
  "outputs": {},
  "resources": [
    {
      "mode": "managed",
      "type": "local_file",
      "name": "foo",
      "provider": "provider[\"registry.terraform.io/hashicorp/local\"]",
      "instances": [
        {
          "schema_version": 0,
          "attributes": {
            "content": "this is my first file using terraform",
            "content_base64": null,
            "content_base64sha256": "HzSardZ4FoaW+wxgDzbFSP1nBcRe8emvHi2IL400dfA=",
            "content_base64sha512": "/pC4J3zr+hYDx9EQYHUCU9VrKOmBsYJsg6U9mWqKFte6ULthkZFXZS02nlTHMq7R7JQIPGIrK+0229Ops0gFLA==",
            "content_md5": "b9aed910815411746b5a1565ab54175e",
            "content_sha1": "e703ac321e27fe3be0b7c4b355750ac72c2499eb",
            "content_sha256": "1f349aadd678168696fb0c600f36c548fd6705c45ef1e9af1e2d882f8d3475f0",
            "content_sha512": "fe90b8277cebfa1603c7d11060750253d56b28e981b1826c83a53d996a8a16d7ba50bb61919157652d369e54c732aed1ec94083c622b2bed36dbd3a9b348052c",
            "directory_permission": "0777",
            "file_permission": "0777",
            "filename": "./myfile.txt",
            "id": "e703ac321e27fe3be0b7c4b355750ac72c2499eb",
            "sensitive_content": null,
            "source": null
          },
          "sensitive_attributes": [
            [
              {
                "type": "get_attr",
                "value": "sensitive_content"
              }
            ]
          ],
          "identity_schema_version": 0
        }
      ]
    }
  ],
  "check_results": null
}
